<?xml version="1.0" encoding="utf-8"?>
<Project ToolsVersion="4.0" xmlns="http://schemas.microsoft.com/developer/msbuild/2003">
  <ItemGroup>
    <Filter Include="Source Files">
      <UniqueIdentifier>{4FC737F1-C7A5-4376-A066-2A32D752A2FF}</UniqueIdentifier>
      <Extensions>cpp;c;cc;cxx;c++;cppm;ixx;def;odl;idl;hpj;bat;asm;asmx</Extensions>
    </Filter>
    <Filter Include="Header Files">
      <UniqueIdentifier>{93995380-89BD-4b04-88EB-625FBE52EBFB}</UniqueIdentifier>
      <Extensions>h;hh;hpp;hxx;h++;hm;inl;inc;ipp;xsd</Extensions>
    </Filter>
    <Filter Include="Resource Files">
      <UniqueIdentifier>{67DA6AB6-F800-4c08-8B7A-83BB121AAD01}</UniqueIdentifier>
      <Extensions>rc;ico;cur;bmp;dlg;rc2;rct;bin;rgs;gif;jpg;jpeg;jpe;resx;tiff;tif;png;wav;mfcribbon-ms</Extensions>
    </Filter>
    <Filter Include="UCI">
      <UniqueIdentifier>{81fc4b1f-3634-4fef-ae7a-e211c1ff7666}</UniqueIdentifier>
    </Filter>
  </ItemGroup>
  <ItemGroup>
    <ClInclude Include="inline.h">
      <Filter>Header Files</Filter>
    </ClInclude>
    <ClInclude Include="bitboard.h">
      <Filter>Header Files</Filter>
    </ClInclude>
    <ClInclude Include="attacks.h">
      <Filter>Header Files</Filter>
    </ClInclude>
    <ClInclude Include="intrinsics.h">
      <Filter>Header Files</Filter>
    </ClInclude>
    <ClInclude Include="ints.h">
      <Filter>Header Files</Filter>
    </ClInclude>
    <ClInclude Include="material.h">
      <Filter>Header Files</Filter>
    </ClInclude>
    <ClInclude Include="move.h">
      <Filter>Header Files</Filter>
    </ClInclude>
    <ClInclude Include="main.h">
      <Filter>Header Files</Filter>
    </ClInclude>
    <ClInclude Include="inttyp.h">
      <Filter>Header Files</Filter>
    </ClInclude>
    <ClInclude Include="MoveFinder.h">
      <Filter>Header Files</Filter>
    </ClInclude>
    <ClInclude Include="MoveGen.h">
      <Filter>Header Files</Filter>
    </ClInclude>
    <ClInclude Include="pch.h">
      <Filter>Header Files</Filter>
    </ClInclude>
    <ClInclude Include="tt.h">
      <Filter>Header Files</Filter>
    </ClInclude>
    <ClInclude Include="types.h">
      <Filter>Header Files</Filter>
    </ClInclude>
    <ClInclude Include="targetver.h">
      <Filter>Header Files</Filter>
    </ClInclude>
    <ClInclude Include="options.h">
      <Filter>Header Files</Filter>
    </ClInclude>
    <ClInclude Include="NpEngine.h">
      <Filter>Header Files</Filter>
    </ClInclude>
    <ClInclude Include="UCIAdapter.h">
      <Filter>UCI</Filter>
    </ClInclude>
    <ClInclude Include="BackgroundCommand.h">
      <Filter>UCI</Filter>
    </ClInclude>
    <ClInclude Include="ChessEngine.h">
      <Filter>UCI</Filter>
    </ClInclude>
    <ClInclude Include="ChessMove.h">
      <Filter>UCI</Filter>
    </ClInclude>
    <ClInclude Include="EngineOption.h">
      <Filter>UCI</Filter>
    </ClInclude>
    <ClInclude Include="Platform.h">
      <Filter>UCI</Filter>
    </ClInclude>
    <ClInclude Include="Square.h">
      <Filter>UCI</Filter>
    </ClInclude>
    <ClInclude Include="Output.h">
      <Filter>UCI</Filter>
    </ClInclude>
    <ClInclude Include="Threading.h">
      <Filter>UCI</Filter>
    </ClInclude>
  </ItemGroup>
  <ItemGroup>
    <ClCompile Include="attacks.cpp">
      <Filter>Source Files</Filter>
    </ClCompile>
    <ClCompile Include="board.cpp">
      <Filter>Source Files</Filter>
    </ClCompile>
    <ClCompile Include="dbgutl.cpp">
      <Filter>Source Files</Filter>
    </ClCompile>
    <ClCompile Include="material.cpp">
      <Filter>Source Files</Filter>
    </ClCompile>
    <ClCompile Include="MoveGen.cpp">
      <Filter>Source Files</Filter>
    </ClCompile>
    <ClCompile Include="nn.cpp">
      <Filter>Source Files</Filter>
    </ClCompile>
    <ClCompile Include="NPC.cpp">
      <Filter>Source Files</Filter>
    </ClCompile>
    <ClCompile Include="NpEngine.cpp">
      <Filter>Source Files</Filter>
    </ClCompile>
    <ClCompile Include="pch.cpp">
      <Filter>Source Files</Filter>
    </ClCompile>
    <ClCompile Include="pvs.cpp">
      <Filter>Source Files</Filter>
    </ClCompile>
    <ClCompile Include="see.cpp">
      <Filter>Source Files</Filter>
    </ClCompile>
    <ClCompile Include="tt.cpp">
      <Filter>Source Files</Filter>
    </ClCompile>
    <ClCompile Include="UCIAdapter.cpp">
      <Filter>UCI</Filter>
    </ClCompile>
    <ClCompile Include="MoveFinder.cpp">
      <Filter>UCI</Filter>
    </ClCompile>
    <ClCompile Include="EngineOption.cpp">
      <Filter>UCI</Filter>
    </ClCompile>
    <ClCompile Include="ChessEngine.cpp">
      <Filter>UCI</Filter>
    </ClCompile>
    <ClCompile Include="BackgroundCommand.cpp">
      <Filter>UCI</Filter>
    </ClCompile>
    <ClCompile Include="Threading.cpp">
      <Filter>UCI</Filter>
    </ClCompile>
    <ClCompile Include="Output.cpp">
      <Filter>UCI</Filter>
    </ClCompile>
  </ItemGroup>
  <ItemGroup>
    <None Include="cpp.hint">
      <Filter>Source Files</Filter>
    </None>
    <None Include="mat.proto">
      <Filter>Source Files</Filter>
    </None>
  </ItemGroup>
</Project>